
Microsoft Visual Studio Solution File, Format Version 12.00
# Visual Studio 15
VisualStudioVersion = 15.0.26730.16
MinimumVisualStudioVersion = 10.0.40219.1
Project("{FAE04EC0-301F-11D3-BF4B-00C04F79EFBC}") = "OniTemplate", "OniTemplate\OniTemplate.csproj", "{827751FF-42A4-499E-80C8-87FB3154BF03}"
EndProject
Project("{FAE04EC0-301F-11D3-BF4B-00C04F79EFBC}") = "OniTemplate.Test", "OniTemplate.Test\OniTemplate.Test.csproj", "{AF3B71C6-198D-47F0-B6D0-E40A5AC4A48F}"
EndProject
Global
	GlobalSection(SolutionConfigurationPlatforms) = preSolution
		Debug|Any CPU = Debug|Any CPU
		Release|Any CPU = Release|Any CPU
	EndGlobalSection
	GlobalSection(ProjectConfigurationPlatforms) = postSolution
		{827751FF-42A4-499E-80C8-87FB3154BF03}.Debug|Any CPU.ActiveCfg = Debug|Any CPU
		{827751FF-42A4-499E-80C8-87FB3154BF03}.Debug|Any CPU.Build.0 = Debug|Any CPU
		{827751FF-42A4-499E-80C8-87FB3154BF03}.Release|Any CPU.ActiveCfg = Release|Any CPU
		{827751FF-42A4-499E-80C8-87FB3154BF03}.Release|Any CPU.Build.0 = Release|Any CPU
		{AF3B71C6-198D-47F0-B6D0-E40A5AC4A48F}.Debug|Any CPU.ActiveCfg = Debug|Any CPU
		{AF3B71C6-198D-47F0-B6D0-E40A5AC4A48F}.Debug|Any CPU.Build.0 = Debug|Any CPU
		{AF3B71C6-198D-47F0-B6D0-E40A5AC4A48F}.Release|Any CPU.ActiveCfg = Release|Any CPU
		{AF3B71C6-198D-47F0-B6D0-E40A5AC4A48F}.Release|Any CPU.Build.0 = Release|Any CPU
	EndGlobalSection
	GlobalSection(SolutionProperties) = preSolution
		HideSolutionNode = FALSE
	EndGlobalSection
	GlobalSection(ExtensibilityGlobals) = postSolution
		SolutionGuid = {A33DAF20-28ED-4D97-8690-9075A333980F}
	EndGlobalSection
EndGlobal
